id: mediawiki_extensions_TorBlock_TorBlock
name: Codereview stats for mediawiki/extensions/TorBlock repo
shortName: mediawiki/extensions/TorBlock
format: csv
url: /data/datafiles/gs/mediawiki/extensions/TorBlock/TorBlock.csv

timespan:
    end: 2012/11/3
    start: 2012/3/21
    step: 1d

columns:
    labels:
    - date
    - commits
    - self_review
    - waiting_first_review_staff
    - waiting_first_review_total
    - waiting_first_review_volunteer
    - waiting_plus2_staff
    - waiting_plus2_total
    - waiting_plus2_volunteer
    types:
    - date
    - int
    - int
    - int
    - int
    - int
    - int
    - int
    - int

chart:
    chartType: dygraphs
