id: mediawiki/extensions/AutoProxyBlock
name: mediawiki/extensions/AutoProxyBlock
shortName: Codereview stats for mediawiki/extensions/AutoProxyBlock
format: csv
url: /data/datasources/gerrit-stats/datafiles/mediawiki/extensions/AutoProxyBlock/AutoProxyBlock.csv

timespan:
    end: 2012/7/28
    start: 2012/4/27
    step: 1d

columns:
    labels:
    - Date
    - date
    - commits
    - self_review
    - time_first_review_staff
    - time_first_review_total
    - time_first_review_volunteer
    - time_plus2_staff
    - time_plus2_total
    - time_plus2_volunteer
    types:
    - date
    - int
    - int
    - int
    - int
    - int
    - int
    - int
    - int

chart:
    chartType: dygraphs
